version = 1
revision = 3
requires-python = ">=3.13"

[[package]]
name = "cffi"
version = "2.0.0"
source = { registry = "https://pypi.org/simple" }
dependencies = [
    { name = "pycparser", marker = "implementation_name != 'PyPy'" },
]
sdist = { url = "https://files.pythonhosted.org/packages/eb/56/b1ba7935a17738ae8453301356628e8147c79dbb825bcbc73dc7401f9846/cffi-2.0.0.tar.gz", hash = "sha256:44d1b5909021139fe36001ae048dbdde8214afa20200eda0f64c068cac5d5529", size = 523588, upload-time = "2025-09-08T23:24:04.541Z" }
wheels = [
    { url = "https://files.pythonhosted.org/packages/b0/1e/d22cc63332bd59b06481ceaac49d6c507598642e2230f201649058a7e704/cffi-2.0.0-cp313-cp313-manylinux1_i686.manylinux2014_i686.manylinux_2_17_i686.manylinux_2_5_i686.whl", hash = "sha256:07b271772c100085dd28b74fa0cd81c8fb1a3ba18b21e03d7c27f3436a10606b", size = 212446, upload-time = "2025-09-08T23:23:03.472Z" },
    { url = "https://files.pythonhosted.org/packages/a9/f5/a2c23eb03b61a0b8747f211eb716446c826ad66818ddc7810cc2cc19b3f2/cffi-2.0.0-cp313-cp313-manylinux2014_aarch64.manylinux_2_17_aarch64.whl", hash = "sha256:d48a880098c96020b02d5a1f7d9251308510ce8858940e6fa99ece33f610838b", size = 220101, upload-time = "2025-09-08T23:23:04.792Z" },
    { url = "https://files.pythonhosted.org/packages/f2/7f/e6647792fc5850d634695bc0e6ab4111ae88e89981d35ac269956605feba/cffi-2.0.0-cp313-cp313-manylinux2014_ppc64le.manylinux_2_17_ppc64le.whl", hash = "sha256:f93fd8e5c8c0a4aa1f424d6173f14a892044054871c771f8566e4008eaa359d2", size = 207948, upload-time = "2025-09-08T23:23:06.127Z" },
    { url = "https://files.pythonhosted.org/packages/cb/1e/a5a1bd6f1fb30f22573f76533de12a00bf274abcdc55c8edab639078abb6/cffi-2.0.0-cp313-cp313-manylinux2014_s390x.manylinux_2_17_s390x.whl", hash = "sha256:dd4f05f54a52fb558f1ba9f528228066954fee3ebe629fc1660d874d040ae5a3", size = 206422, upload-time = "2025-09-08T23:23:07.753Z" },
    { url = "https://files.pythonhosted.org/packages/98/df/0a1755e750013a2081e863e7cd37e0cdd02664372c754e5560099eb7aa44/cffi-2.0.0-cp313-cp313-manylinux2014_x86_64.manylinux_2_17_x86_64.whl", hash = "sha256:c8d3b5532fc71b7a77c09192b4a5a200ea992702734a2e9279a37f2478236f26", size = 219499, upload-time = "2025-09-08T23:23:09.648Z" },
    { url = "https://files.pythonhosted.org/packages/50/e1/a969e687fcf9ea58e6e2a928ad5e2dd88cc12f6f0ab477e9971f2309b57c/cffi-2.0.0-cp313-cp313-musllinux_1_2_aarch64.whl", hash = "sha256:d9b29c1f0ae438d5ee9acb31cadee00a58c46cc9c0b2f9038c6b0b3470877a8c", size = 222928, upload-time = "2025-09-08T23:23:10.928Z" },
    { url = "https://files.pythonhosted.org/packages/36/54/0362578dd2c9e557a28ac77698ed67323ed5b9775ca9d3fe73fe191bb5d8/cffi-2.0.0-cp313-cp313-musllinux_1_2_x86_64.whl", hash = "sha256:6d50360be4546678fc1b79ffe7a66265e28667840010348dd69a314145807a1b", size = 221302, upload-time = "2025-09-08T23:23:12.42Z" },
    { url = "https://files.pythonhosted.org/packages/d6/43/0e822876f87ea8a4ef95442c3d766a06a51fc5298823f884ef87aaad168c/cffi-2.0.0-cp314-cp314-manylinux2014_aarch64.manylinux_2_17_aarch64.whl", hash = "sha256:24b6f81f1983e6df8db3adc38562c83f7d4a0c36162885ec7f7b77c7dcbec97b", size = 220049, upload-time = "2025-09-08T23:23:20.853Z" },
    { url = "https://files.pythonhosted.org/packages/b4/89/76799151d9c2d2d1ead63c2429da9ea9d7aac304603de0c6e8764e6e8e70/cffi-2.0.0-cp314-cp314-manylinux2014_ppc64le.manylinux_2_17_ppc64le.whl", hash = "sha256:12873ca6cb9b0f0d3a0da705d6086fe911591737a59f28b7936bdfed27c0d47c", size = 207793, upload-time = "2025-09-08T23:23:22.08Z" },
    { url = "https://files.pythonhosted.org/packages/bb/dd/3465b14bb9e24ee24cb88c9e3730f6de63111fffe513492bf8c808a3547e/cffi-2.0.0-cp314-cp314-manylinux2014_s390x.manylinux_2_17_s390x.whl", hash = "sha256:d9b97165e8aed9272a6bb17c01e3cc5871a594a446ebedc996e2397a1c1ea8ef", size = 206300, upload-time = "2025-09-08T23:23:23.314Z" },
    { url = "https://files.pythonhosted.org/packages/47/d9/d83e293854571c877a92da46fdec39158f8d7e68da75bf73581225d28e90/cffi-2.0.0-cp314-cp314-manylinux2014_x86_64.manylinux_2_17_x86_64.whl", hash = "sha256:afb8db5439b81cf9c9d0c80404b60c3cc9c3add93e114dcae767f1477cb53775", size = 219244, upload-time = "2025-09-08T23:23:24.541Z" },
    { url = "https://files.pythonhosted.org/packages/2b/0f/1f177e3683aead2bb00f7679a16451d302c436b5cbf2505f0ea8146ef59e/cffi-2.0.0-cp314-cp314-musllinux_1_2_aarch64.whl", hash = "sha256:737fe7d37e1a1bffe70bd5754ea763a62a066dc5913ca57e957824b72a85e205", size = 222828, upload-time = "2025-09-08T23:23:26.143Z" },
    { url = "https://files.pythonhosted.org/packages/c6/0f/cafacebd4b040e3119dcb32fed8bdef8dfe94da653155f9d0b9dc660166e/cffi-2.0.0-cp314-cp314-musllinux_1_2_x86_64.whl", hash = "sha256:38100abb9d1b1435bc4cc340bb4489635dc2f0da7456590877030c9b3d40b0c1", size = 220926, upload-time = "2025-09-08T23:23:27.873Z" },
    { url = "https://files.pythonhosted.org/packages/be/b4/c56878d0d1755cf9caa54ba71e5d049479c52f9e4afc230f06822162ab2f/cffi-2.0.0-cp314-cp314t-manylinux2014_aarch64.manylinux_2_17_aarch64.whl", hash = "sha256:7cc09976e8b56f8cebd752f7113ad07752461f48a58cbba644139015ac24954c", size = 221593, upload-time = "2025-09-08T23:23:31.91Z" },
    { url = "https://files.pythonhosted.org/packages/e0/0d/eb704606dfe8033e7128df5e90fee946bbcb64a04fcdaa97321309004000/cffi-2.0.0-cp314-cp314t-manylinux2014_ppc64le.manylinux_2_17_ppc64le.whl", hash = "sha256:92b68146a71df78564e4ef48af17551a5ddd142e5190cdf2c5624d0c3ff5b2e8", size = 209354, upload-time = "2025-09-08T23:23:33.214Z" },
    { url = "https://files.pythonhosted.org/packages/d8/19/3c435d727b368ca475fb8742ab97c9cb13a0de600ce86f62eab7fa3eea60/cffi-2.0.0-cp314-cp314t-manylinux2014_s390x.manylinux_2_17_s390x.whl", hash = "sha256:b1e74d11748e7e98e2f426ab176d4ed720a64412b6a15054378afdb71e0f37dc", size = 208480, upload-time = "2025-09-08T23:23:34.495Z" },
    { url = "https://files.pythonhosted.org/packages/d0/44/681604464ed9541673e486521497406fadcc15b5217c3e326b061696899a/cffi-2.0.0-cp314-cp314t-manylinux2014_x86_64.manylinux_2_17_x86_64.whl", hash = "sha256:28a3a209b96630bca57cce802da70c266eb08c6e97e5afd61a75611ee6c64592", size = 221584, upload-time = "2025-09-08T23:23:36.096Z" },
    { url = "https://files.pythonhosted.org/packages/25/8e/342a504ff018a2825d395d44d63a767dd8ebc927ebda557fecdaca3ac33a/cffi-2.0.0-cp314-cp314t-musllinux_1_2_aarch64.whl", hash = "sha256:7553fb2090d71822f02c629afe6042c299edf91ba1bf94951165613553984512", size = 224443, upload-time = "2025-09-08T23:23:37.328Z" },
    { url = "https://files.pythonhosted.org/packages/e1/5e/b666bacbbc60fbf415ba9988324a132c9a7a0448a9a8f125074671c0f2c3/cffi-2.0.0-cp314-cp314t-musllinux_1_2_x86_64.whl", hash = "sha256:6c6c373cfc5c83a975506110d17457138c8c63016b563cc9ed6e056a82f13ce4", size = 223437, upload-time = "2025-09-08T23:23:38.945Z" },
]

[[package]]
name = "click"
version = "8.3.0"
source = { registry = "https://pypi.org/simple" }
dependencies = [
    { name = "colorama", marker = "sys_platform == 'win32'" },
]
sdist = { url = "https://files.pythonhosted.org/packages/46/61/de6cd827efad202d7057d93e0fed9294b96952e188f7384832791c7b2254/click-8.3.0.tar.gz", hash = "sha256:e7b8232224eba16f4ebe410c25ced9f7875cb5f3263ffc93cc3e8da705e229c4", size = 276943, upload-time = "2025-09-18T17:32:23.696Z" }
wheels = [
    { url = "https://files.pythonhosted.org/packages/db/d3/9dcc0f5797f070ec8edf30fbadfb200e71d9db6b84d211e3b2085a7589a0/click-8.3.0-py3-none-any.whl", hash = "sha256:9b9f285302c6e3064f4330c05f05b81945b2a39544279343e6e7c5f27a9baddc", size = 107295, upload-time = "2025-09-18T17:32:22.42Z" },
]

[[package]]
name = "click-shell"
version = "2.1"
source = { registry = "https://pypi.org/simple" }
dependencies = [
    { name = "click" },
]
sdist = { url = "https://files.pythonhosted.org/packages/9e/26/93dd93fb1714f64376989b9e809982fd64d5f26e666b6d55458066c40b53/click-shell-2.1.tar.gz", hash = "sha256:ce0c91faae284c41a39bec966f928791ad4a45763755445f1fe2041fd091aa37", size = 8421, upload-time = "2021-06-27T00:07:00.845Z" }
wheels = [
    { url = "https://files.pythonhosted.org/packages/21/ce/d81dcb726c436bf3f77d0145e03bf364c189cc95e6551e797bc0511dcea0/click_shell-2.1-py2.py3-none-any.whl", hash = "sha256:2d971a2e50eb7ad387cf0ce79ba4b844e66e0580784e2efe2df58b50a2f047f0", size = 8582, upload-time = "2021-06-27T00:06:59.938Z" },
]

[[package]]
name = "colorama"
version = "0.4.6"
source = { registry = "https://pypi.org/simple" }
sdist = { url = "https://files.pythonhosted.org/packages/d8/53/6f443c9a4a8358a93a6792e2acffb9d9d5cb0a5cfd8802644b7b1c9a02e4/colorama-0.4.6.tar.gz", hash = "sha256:08695f5cb7ed6e0531a20572697297273c47b8cae5a63ffc6d6ed5c201be6e44", size = 27697, upload-time = "2022-10-25T02:36:22.414Z" }
wheels = [
    { url = "https://files.pythonhosted.org/packages/d1/d6/3965ed04c63042e047cb6a3e6ed1a63a35087b6a609aa3a15ed8ac56c221/colorama-0.4.6-py2.py3-none-any.whl", hash = "sha256:4f1d9991f5acc0ca119f9d443620b77f9d6b33703e51011c16baf57afb285fc6", size = 25335, upload-time = "2022-10-25T02:36:20.889Z" },
]

[[package]]
name = "cryptography"
version = "46.0.2"
source = { registry = "https://pypi.org/simple" }
dependencies = [
    { name = "cffi", marker = "platform_python_implementation != 'PyPy'" },
]
sdist = { url = "https://files.pythonhosted.org/packages/4a/9b/e301418629f7bfdf72db9e80ad6ed9d1b83c487c471803eaa6464c511a01/cryptography-46.0.2.tar.gz", hash = "sha256:21b6fc8c71a3f9a604f028a329e5560009cc4a3a828bfea5fcba8eb7647d88fe", size = 749293, upload-time = "2025-10-01T00:29:11.856Z" }
wheels = [
    { url = "https://files.pythonhosted.org/packages/c6/38/b2adb2aa1baa6706adc3eb746691edd6f90a656a9a65c3509e274d15a2b8/cryptography-46.0.2-cp311-abi3-manylinux2014_aarch64.manylinux_2_17_aarch64.whl", hash = "sha256:1fd1a69086926b623ef8126b4c33d5399ce9e2f3fac07c9c734c2a4ec38b6d02", size = 4297596, upload-time = "2025-10-01T00:27:25.258Z" },
    { url = "https://files.pythonhosted.org/packages/e4/27/0f190ada240003119488ae66c897b5e97149292988f556aef4a6a2a57595/cryptography-46.0.2-cp311-abi3-manylinux2014_x86_64.manylinux_2_17_x86_64.whl", hash = "sha256:bb7fb9cd44c2582aa5990cf61a4183e6f54eea3172e54963787ba47287edd135", size = 4450899, upload-time = "2025-10-01T00:27:27.458Z" },
    { url = "https://files.pythonhosted.org/packages/85/d5/e4744105ab02fdf6bb58ba9a816e23b7a633255987310b4187d6745533db/cryptography-46.0.2-cp311-abi3-manylinux_2_28_aarch64.whl", hash = "sha256:9066cfd7f146f291869a9898b01df1c9b0e314bfa182cef432043f13fc462c92", size = 4300382, upload-time = "2025-10-01T00:27:29.091Z" },
    { url = "https://files.pythonhosted.org/packages/33/fb/bf9571065c18c04818cb07de90c43fc042c7977c68e5de6876049559c72f/cryptography-46.0.2-cp311-abi3-manylinux_2_28_armv7l.manylinux_2_31_armv7l.whl", hash = "sha256:97e83bf4f2f2c084d8dd792d13841d0a9b241643151686010866bbd076b19659", size = 4017347, upload-time = "2025-10-01T00:27:30.767Z" },
    { url = "https://files.pythonhosted.org/packages/35/72/fc51856b9b16155ca071080e1a3ad0c3a8e86616daf7eb018d9565b99baa/cryptography-46.0.2-cp311-abi3-manylinux_2_28_ppc64le.whl", hash = "sha256:4a766d2a5d8127364fd936572c6e6757682fc5dfcbdba1632d4554943199f2fa", size = 4983500, upload-time = "2025-10-01T00:27:32.741Z" },
    { url = "https://files.pythonhosted.org/packages/c1/53/0f51e926799025e31746d454ab2e36f8c3f0d41592bc65cb9840368d3275/cryptography-46.0.2-cp311-abi3-manylinux_2_28_x86_64.whl", hash = "sha256:fab8f805e9675e61ed8538f192aad70500fa6afb33a8803932999b1049363a08", size = 4482591, upload-time = "2025-10-01T00:27:34.869Z" },
    { url = "https://files.pythonhosted.org/packages/86/96/4302af40b23ab8aa360862251fb8fc450b2a06ff24bc5e261c2007f27014/cryptography-46.0.2-cp311-abi3-manylinux_2_34_aarch64.whl", hash = "sha256:1e3b6428a3d56043bff0bb85b41c535734204e599c1c0977e1d0f261b02f3ad5", size = 4300019, upload-time = "2025-10-01T00:27:37.029Z" },
    { url = "https://files.pythonhosted.org/packages/9b/59/0be12c7fcc4c5e34fe2b665a75bc20958473047a30d095a7657c218fa9e8/cryptography-46.0.2-cp311-abi3-manylinux_2_34_ppc64le.whl", hash = "sha256:1a88634851d9b8de8bb53726f4300ab191d3b2f42595e2581a54b26aba71b7cc", size = 4950006, upload-time = "2025-10-01T00:27:40.272Z" },
    { url = "https://files.pythonhosted.org/packages/55/1d/42fda47b0111834b49e31590ae14fd020594d5e4dadd639bce89ad790fba/cryptography-46.0.2-cp311-abi3-manylinux_2_34_x86_64.whl", hash = "sha256:be939b99d4e091eec9a2bcf41aaf8f351f312cd19ff74b5c83480f08a8a43e0b", size = 4482088, upload-time = "2025-10-01T00:27:42.668Z" },
    { url = "https://files.pythonhosted.org/packages/17/50/60f583f69aa1602c2bdc7022dae86a0d2b837276182f8c1ec825feb9b874/cryptography-46.0.2-cp311-abi3-musllinux_1_2_aarch64.whl", hash = "sha256:9f13b040649bc18e7eb37936009b24fd31ca095a5c647be8bb6aaf1761142bd1", size = 4425599, upload-time = "2025-10-01T00:27:44.616Z" },
    { url = "https://files.pythonhosted.org/packages/d1/57/d8d4134cd27e6e94cf44adb3f3489f935bde85f3a5508e1b5b43095b917d/cryptography-46.0.2-cp311-abi3-musllinux_1_2_x86_64.whl", hash = "sha256:9bdc25e4e01b261a8fda4e98618f1c9515febcecebc9566ddf4a70c63967043b", size = 4697458, upload-time = "2025-10-01T00:27:46.209Z" },
    { url = "https://files.pythonhosted.org/packages/93/22/d66a8591207c28bbe4ac7afa25c4656dc19dc0db29a219f9809205639ede/cryptography-46.0.2-cp314-cp314t-manylinux2014_aarch64.manylinux_2_17_aarch64.whl", hash = "sha256:e7155c0b004e936d381b15425273aee1cebc94f879c0ce82b0d7fecbf755d53a", size = 4287584, upload-time = "2025-10-01T00:27:57.018Z" },
    { url = "https://files.pythonhosted.org/packages/8c/3e/fac3ab6302b928e0398c269eddab5978e6c1c50b2b77bb5365ffa8633b37/cryptography-46.0.2-cp314-cp314t-manylinux2014_x86_64.manylinux_2_17_x86_64.whl", hash = "sha256:a61c154cc5488272a6c4b86e8d5beff4639cdb173d75325ce464d723cda0052b", size = 4433796, upload-time = "2025-10-01T00:27:58.631Z" },
    { url = "https://files.pythonhosted.org/packages/7d/d8/24392e5d3c58e2d83f98fe5a2322ae343360ec5b5b93fe18bc52e47298f5/cryptography-46.0.2-cp314-cp314t-manylinux_2_28_aarch64.whl", hash = "sha256:9ec3f2e2173f36a9679d3b06d3d01121ab9b57c979de1e6a244b98d51fea1b20", size = 4292126, upload-time = "2025-10-01T00:28:00.643Z" },
    { url = "https://files.pythonhosted.org/packages/ed/38/3d9f9359b84c16c49a5a336ee8be8d322072a09fac17e737f3bb11f1ce64/cryptography-46.0.2-cp314-cp314t-manylinux_2_28_armv7l.manylinux_2_31_armv7l.whl", hash = "sha256:2fafb6aa24e702bbf74de4cb23bfa2c3beb7ab7683a299062b69724c92e0fa73", size = 3993056, upload-time = "2025-10-01T00:28:02.8Z" },
    { url = "https://files.pythonhosted.org/packages/d6/a3/4c44fce0d49a4703cc94bfbe705adebf7ab36efe978053742957bc7ec324/cryptography-46.0.2-cp314-cp314t-manylinux_2_28_ppc64le.whl", hash = "sha256:0c7ffe8c9b1fcbb07a26d7c9fa5e857c2fe80d72d7b9e0353dcf1d2180ae60ee", size = 4967604, upload-time = "2025-10-01T00:28:04.783Z" },
    { url = "https://files.pythonhosted.org/packages/eb/c2/49d73218747c8cac16bb8318a5513fde3129e06a018af3bc4dc722aa4a98/cryptography-46.0.2-cp314-cp314t-manylinux_2_28_x86_64.whl", hash = "sha256:5840f05518caa86b09d23f8b9405a7b6d5400085aa14a72a98fdf5cf1568c0d2", size = 4465367, upload-time = "2025-10-01T00:28:06.864Z" },
    { url = "https://files.pythonhosted.org/packages/1b/64/9afa7d2ee742f55ca6285a54386ed2778556a4ed8871571cb1c1bfd8db9e/cryptography-46.0.2-cp314-cp314t-manylinux_2_34_aarch64.whl", hash = "sha256:27c53b4f6a682a1b645fbf1cd5058c72cf2f5aeba7d74314c36838c7cbc06e0f", size = 4291678, upload-time = "2025-10-01T00:28:08.982Z" },
    { url = "https://files.pythonhosted.org/packages/50/48/1696d5ea9623a7b72ace87608f6899ca3c331709ac7ebf80740abb8ac673/cryptography-46.0.2-cp314-cp314t-manylinux_2_34_ppc64le.whl", hash = "sha256:512c0250065e0a6b286b2db4bbcc2e67d810acd53eb81733e71314340366279e", size = 4931366, upload-time = "2025-10-01T00:28:10.74Z" },
    { url = "https://files.pythonhosted.org/packages/eb/3c/9dfc778401a334db3b24435ee0733dd005aefb74afe036e2d154547cb917/cryptography-46.0.2-cp314-cp314t-manylinux_2_34_x86_64.whl", hash = "sha256:07c0eb6657c0e9cca5891f4e35081dbf985c8131825e21d99b4f440a8f496f36", size = 4464738, upload-time = "2025-10-01T00:28:12.491Z" },
    { url = "https://files.pythonhosted.org/packages/dc/b1/abcde62072b8f3fd414e191a6238ce55a0050e9738090dc6cded24c12036/cryptography-46.0.2-cp314-cp314t-musllinux_1_2_aarch64.whl", hash = "sha256:48b983089378f50cba258f7f7aa28198c3f6e13e607eaf10472c26320332ca9a", size = 4419305, upload-time = "2025-10-01T00:28:14.145Z" },
    { url = "https://files.pythonhosted.org/packages/c7/1f/3d2228492f9391395ca34c677e8f2571fb5370fe13dc48c1014f8c509864/cryptography-46.0.2-cp314-cp314t-musllinux_1_2_x86_64.whl", hash = "sha256:e6f6775eaaa08c0eec73e301f7592f4367ccde5e4e4df8e58320f2ebf161ea2c", size = 4681201, upload-time = "2025-10-01T00:28:15.951Z" },
    { url = "https://files.pythonhosted.org/packages/b7/66/f42071ce0e3ffbfa80a88feadb209c779fda92a23fbc1e14f74ebf72ef6b/cryptography-46.0.2-cp38-abi3-manylinux2014_aarch64.manylinux_2_17_aarch64.whl", hash = "sha256:d30bc11d35743bf4ddf76674a0a369ec8a21f87aaa09b0661b04c5f6c46e8d7b", size = 4293123, upload-time = "2025-10-01T00:28:25.072Z" },
    { url = "https://files.pythonhosted.org/packages/a8/5d/1fdbd2e5c1ba822828d250e5a966622ef00185e476d1cd2726b6dd135e53/cryptography-46.0.2-cp38-abi3-manylinux2014_x86_64.manylinux_2_17_x86_64.whl", hash = "sha256:bca3f0ce67e5a2a2cf524e86f44697c4323a86e0fd7ba857de1c30d52c11ede1", size = 4439524, upload-time = "2025-10-01T00:28:26.808Z" },
    { url = "https://files.pythonhosted.org/packages/c8/c1/5e4989a7d102d4306053770d60f978c7b6b1ea2ff8c06e0265e305b23516/cryptography-46.0.2-cp38-abi3-manylinux_2_28_aarch64.whl", hash = "sha256:ff798ad7a957a5021dcbab78dfff681f0cf15744d0e6af62bd6746984d9c9e9c", size = 4297264, upload-time = "2025-10-01T00:28:29.327Z" },
    { url = "https://files.pythonhosted.org/packages/28/78/b56f847d220cb1d6d6aef5a390e116ad603ce13a0945a3386a33abc80385/cryptography-46.0.2-cp38-abi3-manylinux_2_28_armv7l.manylinux_2_31_armv7l.whl", hash = "sha256:cb5e8daac840e8879407acbe689a174f5ebaf344a062f8918e526824eb5d97af", size = 4011872, upload-time = "2025-10-01T00:28:31.479Z" },
    { url = "https://files.pythonhosted.org/packages/e1/80/2971f214b066b888944f7b57761bf709ee3f2cf805619a18b18cab9b263c/cryptography-46.0.2-cp38-abi3-manylinux_2_28_ppc64le.whl", hash = "sha256:3f37aa12b2d91e157827d90ce78f6180f0c02319468a0aea86ab5a9566da644b", size = 4978458, upload-time = "2025-10-01T00:28:33.267Z" },
    { url = "https://files.pythonhosted.org/packages/a5/84/0cb0a2beaa4f1cbe63ebec4e97cd7e0e9f835d0ba5ee143ed2523a1e0016/cryptography-46.0.2-cp38-abi3-manylinux_2_28_x86_64.whl", hash = "sha256:5e38f203160a48b93010b07493c15f2babb4e0f2319bbd001885adb3f3696d21", size = 4472195, upload-time = "2025-10-01T00:28:36.039Z" },
    { url = "https://files.pythonhosted.org/packages/30/8b/2b542ddbf78835c7cd67b6fa79e95560023481213a060b92352a61a10efe/cryptography-46.0.2-cp38-abi3-manylinux_2_34_aarch64.whl", hash = "sha256:d19f5f48883752b5ab34cff9e2f7e4a7f216296f33714e77d1beb03d108632b6", size = 4296791, upload-time = "2025-10-01T00:28:37.732Z" },
    { url = "https://files.pythonhosted.org/packages/78/12/9065b40201b4f4876e93b9b94d91feb18de9150d60bd842a16a21565007f/cryptography-46.0.2-cp38-abi3-manylinux_2_34_ppc64le.whl", hash = "sha256:04911b149eae142ccd8c9a68892a70c21613864afb47aba92d8c7ed9cc001023", size = 4939629, upload-time = "2025-10-01T00:28:39.654Z" },
    { url = "https://files.pythonhosted.org/packages/f6/9e/6507dc048c1b1530d372c483dfd34e7709fc542765015425f0442b08547f/cryptography-46.0.2-cp38-abi3-manylinux_2_34_x86_64.whl", hash = "sha256:8b16c1ede6a937c291d41176934268e4ccac2c6521c69d3f5961c5a1e11e039e", size = 4471988, upload-time = "2025-10-01T00:28:41.822Z" },
    { url = "https://files.pythonhosted.org/packages/b1/86/d025584a5f7d5c5ec8d3633dbcdce83a0cd579f1141ceada7817a4c26934/cryptography-46.0.2-cp38-abi3-musllinux_1_2_aarch64.whl", hash = "sha256:747b6f4a4a23d5a215aadd1d0b12233b4119c4313df83ab4137631d43672cc90", size = 4422989, upload-time = "2025-10-01T00:28:43.608Z" },
    { url = "https://files.pythonhosted.org/packages/4b/39/536370418b38a15a61bbe413006b79dfc3d2b4b0eafceb5581983f973c15/cryptography-46.0.2-cp38-abi3-musllinux_1_2_x86_64.whl", hash = "sha256:6b275e398ab3a7905e168c036aad54b5969d63d3d9099a0a66cc147a3cc983be", size = 4685578, upload-time = "2025-10-01T00:28:45.361Z" },
]

[[package]]
name = "jaraco-classes"
version = "3.4.0"
source = { registry = "https://pypi.org/simple" }
dependencies = [
    { name = "more-itertools" },
]
sdist = { url = "https://files.pythonhosted.org/packages/06/c0/ed4a27bc5571b99e3cff68f8a9fa5b56ff7df1c2251cc715a652ddd26402/jaraco.classes-3.4.0.tar.gz", hash = "sha256:47a024b51d0239c0dd8c8540c6c7f484be3b8fcf0b2d85c13825780d3b3f3acd", size = 11780, upload-time = "2024-03-31T07:27:36.643Z" }
wheels = [
    { url = "https://files.pythonhosted.org/packages/7f/66/b15ce62552d84bbfcec9a4873ab79d993a1dd4edb922cbfccae192bd5b5f/jaraco.classes-3.4.0-py3-none-any.whl", hash = "sha256:f662826b6bed8cace05e7ff873ce0f9283b5c924470fe664fff1c2f00f581790", size = 6777, upload-time = "2024-03-31T07:27:34.792Z" },
]

[[package]]
name = "jaraco-context"
version = "6.0.1"
source = { registry = "https://pypi.org/simple" }
sdist = { url = "https://files.pythonhosted.org/packages/df/ad/f3777b81bf0b6e7bc7514a1656d3e637b2e8e15fab2ce3235730b3e7a4e6/jaraco_context-6.0.1.tar.gz", hash = "sha256:9bae4ea555cf0b14938dc0aee7c9f32ed303aa20a3b73e7dc80111628792d1b3", size = 13912, upload-time = "2024-08-20T03:39:27.358Z" }
wheels = [
    { url = "https://files.pythonhosted.org/packages/ff/db/0c52c4cf5e4bd9f5d7135ec7669a3a767af21b3a308e1ed3674881e52b62/jaraco.context-6.0.1-py3-none-any.whl", hash = "sha256:f797fc481b490edb305122c9181830a3a5b76d84ef6d1aef2fb9b47ab956f9e4", size = 6825, upload-time = "2024-08-20T03:39:25.966Z" },
]

[[package]]
name = "jaraco-functools"
version = "4.3.0"
source = { registry = "https://pypi.org/simple" }
dependencies = [
    { name = "more-itertools" },
]
sdist = { url = "https://files.pythonhosted.org/packages/f7/ed/1aa2d585304ec07262e1a83a9889880701079dde796ac7b1d1826f40c63d/jaraco_functools-4.3.0.tar.gz", hash = "sha256:cfd13ad0dd2c47a3600b439ef72d8615d482cedcff1632930d6f28924d92f294", size = 19755, upload-time = "2025-08-18T20:05:09.91Z" }
wheels = [
    { url = "https://files.pythonhosted.org/packages/b4/09/726f168acad366b11e420df31bf1c702a54d373a83f968d94141a8c3fde0/jaraco_functools-4.3.0-py3-none-any.whl", hash = "sha256:227ff8ed6f7b8f62c56deff101545fa7543cf2c8e7b82a7c2116e672f29c26e8", size = 10408, upload-time = "2025-08-18T20:05:08.69Z" },
]

[[package]]
name = "jeepney"
version = "0.9.0"
source = { registry = "https://pypi.org/simple" }
sdist = { url = "https://files.pythonhosted.org/packages/7b/6f/357efd7602486741aa73ffc0617fb310a29b588ed0fd69c2399acbb85b0c/jeepney-0.9.0.tar.gz", hash = "sha256:cf0e9e845622b81e4a28df94c40345400256ec608d0e55bb8a3feaa9163f5732", size = 106758, upload-time = "2025-02-27T18:51:01.684Z" }
wheels = [
    { url = "https://files.pythonhosted.org/packages/b2/a3/e137168c9c44d18eff0376253da9f1e9234d0239e0ee230d2fee6cea8e55/jeepney-0.9.0-py3-none-any.whl", hash = "sha256:97e5714520c16fc0a45695e5365a2e11b81ea79bba796e26f9f1d178cb182683", size = 49010, upload-time = "2025-02-27T18:51:00.104Z" },
]

[[package]]
name = "keyring"
version = "25.6.0"
source = { registry = "https://pypi.org/simple" }
dependencies = [
    { name = "jaraco-classes" },
    { name = "jaraco-context" },
    { name = "jaraco-functools" },
    { name = "jeepney", marker = "sys_platform == 'linux'" },
    { name = "pywin32-ctypes", marker = "sys_platform == 'win32'" },
    { name = "secretstorage", marker = "sys_platform == 'linux'" },
]
sdist = { url = "https://files.pythonhosted.org/packages/70/09/d904a6e96f76ff214be59e7aa6ef7190008f52a0ab6689760a98de0bf37d/keyring-25.6.0.tar.gz", hash = "sha256:0b39998aa941431eb3d9b0d4b2460bc773b9df6fed7621c2dfb291a7e0187a66", size = 62750, upload-time = "2024-12-25T15:26:45.782Z" }
wheels = [
    { url = "https://files.pythonhosted.org/packages/d3/32/da7f44bcb1105d3e88a0b74ebdca50c59121d2ddf71c9e34ba47df7f3a56/keyring-25.6.0-py3-none-any.whl", hash = "sha256:552a3f7af126ece7ed5c89753650eec89c7eaae8617d0aa4d9ad2b75111266bd", size = 39085, upload-time = "2024-12-25T15:26:44.377Z" },
]

[[package]]
name = "more-itertools"
version = "10.8.0"
source = { registry = "https://pypi.org/simple" }
sdist = { url = "https://files.pythonhosted.org/packages/ea/5d/38b681d3fce7a266dd9ab73c66959406d565b3e85f21d5e66e1181d93721/more_itertools-10.8.0.tar.gz", hash = "sha256:f638ddf8a1a0d134181275fb5d58b086ead7c6a72429ad725c67503f13ba30bd", size = 137431, upload-time = "2025-09-02T15:23:11.018Z" }
wheels = [
    { url = "https://files.pythonhosted.org/packages/a4/8e/469e5a4a2f5855992e425f3cb33804cc07bf18d48f2db061aec61ce50270/more_itertools-10.8.0-py3-none-any.whl", hash = "sha256:52d4362373dcf7c52546bc4af9a86ee7c4579df9a8dc268be0a2f949d376cc9b", size = 69667, upload-time = "2025-09-02T15:23:09.635Z" },
]

[[package]]
name = "pycparser"
version = "2.23"
source = { registry = "https://pypi.org/simple" }
sdist = { url = "https://files.pythonhosted.org/packages/fe/cf/d2d3b9f5699fb1e4615c8e32ff220203e43b248e1dfcc6736ad9057731ca/pycparser-2.23.tar.gz", hash = "sha256:78816d4f24add8f10a06d6f05b4d424ad9e96cfebf68a4ddc99c65c0720d00c2", size = 173734, upload-time = "2025-09-09T13:23:47.91Z" }
wheels = [
    { url = "https://files.pythonhosted.org/packages/a0/e3/59cd50310fc9b59512193629e1984c1f95e5c8ae6e5d8c69532ccc65a7fe/pycparser-2.23-py3-none-any.whl", hash = "sha256:e5c6e8d3fbad53479cab09ac03729e0a9faf2bee3db8208a550daf5af81a5934", size = 118140, upload-time = "2025-09-09T13:23:46.651Z" },
]

[[package]]
name = "pywin32-ctypes"
version = "0.2.3"
source = { registry = "https://pypi.org/simple" }
sdist = { url = "https://files.pythonhosted.org/packages/85/9f/01a1a99704853cb63f253eea009390c88e7131c67e66a0a02099a8c917cb/pywin32-ctypes-0.2.3.tar.gz", hash = "sha256:d162dc04946d704503b2edc4d55f3dba5c1d539ead017afa00142c38b9885755", size = 29471, upload-time = "2024-08-14T10:15:34.626Z" }
wheels = [
    { url = "https://files.pythonhosted.org/packages/de/3d/8161f7711c017e01ac9f008dfddd9410dff3674334c233bde66e7ba65bbf/pywin32_ctypes-0.2.3-py3-none-any.whl", hash = "sha256:8a1513379d709975552d202d942d9837758905c8d01eb82b8bcc30918929e7b8", size = 30756, upload-time = "2024-08-14T10:15:33.187Z" },
]

[[package]]
name = "secretstorage"
version = "3.4.0"
source = { registry = "https://pypi.org/simple" }
dependencies = [
    { name = "cryptography" },
    { name = "jeepney" },
]
sdist = { url = "https://files.pythonhosted.org/packages/31/9f/11ef35cf1027c1339552ea7bfe6aaa74a8516d8b5caf6e7d338daf54fd80/secretstorage-3.4.0.tar.gz", hash = "sha256:c46e216d6815aff8a8a18706a2fbfd8d53fcbb0dce99301881687a1b0289ef7c", size = 19748, upload-time = "2025-09-09T16:42:13.859Z" }
wheels = [
    { url = "https://files.pythonhosted.org/packages/91/ff/2e2eed29e02c14a5cb6c57f09b2d5b40e65d6cc71f45b52e0be295ccbc2f/secretstorage-3.4.0-py3-none-any.whl", hash = "sha256:0e3b6265c2c63509fb7415717607e4b2c9ab767b7f344a57473b779ca13bd02e", size = 15272, upload-time = "2025-09-09T16:42:12.744Z" },
]

[[package]]
name = "zqb"
version = "0.1.0"
source = { editable = "." }
dependencies = [
    { name = "click" },
    { name = "click-shell" },
    { name = "keyring" },
]

[package.metadata]
requires-dist = [
    { name = "click", specifier = ">=8.3.0" },
    { name = "click-shell", specifier = ">=2.1" },
    { name = "keyring", specifier = ">=25.6.0" },
]
